{
  "name": "basarat-ts-book",
  "version": "1.0.0",
  "lockfileVersion": 2,
  "requires": true,
  "packages": {
    "": {
      "name": "basarat-ts-book",
      "version": "1.0.0",
      "license": "ISC",
      "dependencies": {
        "typescript": "^4.8.0-dev.20220523"
      }
    },
    "node_modules/typescript": {
      "version": "4.8.0-dev.20220523",
      "resolved": "https://registry.npmjs.org/typescript/-/typescript-4.8.0-dev.20220523.tgz",
      "integrity": "sha512-VvYoh+ClM2gvpnjDbwJP78zdFG8nTxAn4tmHyTDRu+2EzXw0FundB7mVa6ug3JLMEGY1bA1tGkIBJHLJlR0+iw==",
      "bin": {
        "tsc": "bin/tsc",
        "tsserver": "bin/tsserver"
      },
      "engines": {
        "node": ">=4.2.0"
      }
    }
  },
  "dependencies": {
    "typescript": {
      "version": "4.8.0-dev.20220523",
      "resolved": "https://registry.npmjs.org/typescript/-/typescript-4.8.0-dev.20220523.tgz",
      "integrity": "sha512-VvYoh+ClM2gvpnjDbwJP78zdFG8nTxAn4tmHyTDRu+2EzXw0FundB7mVa6ug3JLMEGY1bA1tGkIBJHLJlR0+iw=="
    }
  }
}
